PODS:
  - Alamofire (4.8.2)
  - LeanCloud (15.0.0):
    - LeanCloud/Foundation (= 15.0.0)
    - LeanCloud/LocalStorage (= 15.0.0)
    - LeanCloud/Storage (= 15.0.0)
  - LeanCloud/Foundation (15.0.0)
  - LeanCloud/LocalStorage (15.0.0):
    - LeanCloud/Foundation
  - LeanCloud/Storage (15.0.0):
    - Alamofire (~> 4.8.0)
    - LeanCloud/Foundation
    - LeanCloud/LocalStorage

DEPENDENCIES:
  - LeanCloud

SPEC REPOS:
  https://github.com/cocoapods/specs.git:
    - Alamofire
    - LeanCloud

SPEC CHECKSUMS:
  Alamofire: ae5c501addb7afdbb13687d7f2f722c78734c2d3
  LeanCloud: 62fe4e615494425081fd719c0d56fae130f764ea

PODFILE CHECKSUM: 08064ed19ba779b7e5da1408d10621e755a25f72

COCOAPODS: 1.6.1
